{
    "_readme": [
        "This file locks the dependencies of your project to a known state",
        "Read more about it at https://getcomposer.org/doc/01-basic-usage.md#installing-dependencies",
        "This file is @generated automatically"
    ],
    "content-hash": "4bb7a73ab2d515e64e91cb459904a547",
    "packages": [
        {
            "name": "automattic/jetpack-constants",
            "version": "v1.6.2",
            "source": {
                "type": "git",
                "url": "https://github.com/Automattic/jetpack-constants.git",
                "reference": "84c8f09c5a6467104094243912fdcfe8eaed945b"
            },
            "dist": {
                "type": "zip",
                "url": "https://api.github.com/repos/Automattic/jetpack-constants/zipball/84c8f09c5a6467104094243912fdcfe8eaed945b",
                "reference": "84c8f09c5a6467104094243912fdcfe8eaed945b",
                "shasum": ""
            },
            "require-dev": {
                "brain/monkey": "2.6.0",
                "yoast/phpunit-polyfills": "0.2.0"
            },
            "type": "library",
            "extra": {
                "mirror-repo": "Automattic/jetpack-constants"
            },
            "autoload": {
                "classmap": [
                    "src/"
                ]
            },
            "notification-url": "https://packagist.org/downloads/",
            "license": [
                "GPL-2.0-or-later"
            ],
            "description": "A wrapper for defining constants in a more testable way.",
            "support": {
                "source": "https://github.com/Automattic/jetpack-constants/tree/v1.6.2"
            },
            "time": "2021-02-05T19:07:24+00:00"
        }
    ],
    "packages-dev": [],
    "aliases": [],
    "minimum-stability": "stable",
    "stability-flags": [],
    "prefer-stable": false,
    "prefer-lowest": false,
    "platform": [],
    "platform-dev": [],
    "plugin-api-version": "2.0.0"
}
