{
    "_readme": [
        "This file locks the dependencies of your project to a known state",
        "Read more about it at https://getcomposer.org/doc/01-basic-usage.md#installing-dependencies",
        "This file is @generated automatically"
    ],
    "content-hash": "4bb7a73ab2d515e64e91cb459904a547",
    "packages": [
        {
            "name": "automattic/jetpack-constants",
            "version": "v1.5.1",
            "source": {
                "type": "git",
                "url": "https://github.com/Automattic/jetpack-constants.git",
                "reference": "18f772daddc8be5df76c9f4a92e017a3c2569a5b"
            },
            "dist": {
                "type": "zip",
                "url": "https://api.github.com/repos/Automattic/jetpack-constants/zipball/18f772daddc8be5df76c9f4a92e017a3c2569a5b",
                "reference": "18f772daddc8be5df76c9f4a92e017a3c2569a5b",
                "shasum": ""
            },
            "require-dev": {
                "php-mock/php-mock": "^2.1",
                "phpunit/phpunit": "^5.7 || ^6.5 || ^7.5"
            },
            "type": "library",
            "autoload": {
                "classmap": [
                    "src/"
                ]
            },
            "notification-url": "https://packagist.org/downloads/",
            "license": [
                "GPL-2.0-or-later"
            ],
            "description": "A wrapper for defining constants in a more testable way.",
            "time": "2020-10-28T19:00:31+00:00"
        }
    ],
    "packages-dev": [],
    "aliases": [],
    "minimum-stability": "stable",
    "stability-flags": [],
    "prefer-stable": false,
    "prefer-lowest": false,
    "platform": [],
    "platform-dev": [],
    "plugin-api-version": "1.1.0"
}
